Microsoft Visual Studio Solution File, Format Version 12.00
# Visual Studio Version 17
VisualStudioVersion = 17.5.2.0
MinimumVisualStudioVersion = 10.0.40219.1
Project("{2150E333-8FDC-42A3-9474-1A3956D46DE8}") = "NET.Core", "NET.Core", "{769AF03A-67E9-40F7-E97E-7CDAF680D4F0}"
EndProject
Project("{FAE04EC0-301F-11D3-BF4B-00C04F79EFBC}") = "WebApplication1", "NET.Core\WebApplication1\WebApplication1.csproj", "{0CAC2331-B255-89EF-D700-160759EC4D7F}"
EndProject
Global
	GlobalSection(SolutionConfigurationPlatforms) = preSolution
		Debug|Any CPU = Debug|Any CPU
		Release|Any CPU = Release|Any CPU
	EndGlobalSection
	GlobalSection(ProjectConfigurationPlatforms) = postSolution
		{0CAC2331-B255-89EF-D700-160759EC4D7F}.Debug|Any CPU.ActiveCfg = Debug|Any CPU
		{0CAC2331-B255-89EF-D700-160759EC4D7F}.Debug|Any CPU.Build.0 = Debug|Any CPU
		{0CAC2331-B255-89EF-D700-160759EC4D7F}.Release|Any CPU.ActiveCfg = Release|Any CPU
		{0CAC2331-B255-89EF-D700-160759EC4D7F}.Release|Any CPU.Build.0 = Release|Any CPU
	EndGlobalSection
	GlobalSection(SolutionProperties) = preSolution
		HideSolutionNode = FALSE
	EndGlobalSection
	GlobalSection(NestedProjects) = preSolution
		{0CAC2331-B255-89EF-D700-160759EC4D7F} = {769AF03A-67E9-40F7-E97E-7CDAF680D4F0}
	EndGlobalSection
	GlobalSection(ExtensibilityGlobals) = postSolution
		SolutionGuid = {0F112A9F-5EB3-44E6-995C-15B2062B403C}
	EndGlobalSection
EndGlobal
